
Microsoft Visual Studio Solution File, Format Version 12.00
# Visual Studio Version 16
VisualStudioVersion = 16.0.31129.286
MinimumVisualStudioVersion = 10.0.40219.1
Project("{FAE04EC0-301F-11D3-BF4B-00C04F79EFBC}") = "nchenSystem", "nchenSystem\nchenSystem.csproj", "{403DB690-4B58-4D60-8113-0726B8218BD4}"
EndProject
Project("{FAE04EC0-301F-11D3-BF4B-00C04F79EFBC}") = "nchenVisualBasic", "nchenVisualBasic\nchenVisualBasic.csproj", "{331AA6B0-18B9-47E5-9E76-0AA920342FB5}"
EndProject
Project("{FAE04EC0-301F-11D3-BF4B-00C04F79EFBC}") = "nchenIOTest", "nchenIOTest\nchenIOTest.csproj", "{E940D045-20E0-477D-A46C-09C11632EF3E}"
EndProject
Project("{FAE04EC0-301F-11D3-BF4B-00C04F79EFBC}") = "nchenForms", "nchenForms\nchenForms.csproj", "{B927B453-CC9F-4F21-B8F1-BE3DB10250FC}"
EndProject
Project("{FAE04EC0-301F-11D3-BF4B-00C04F79EFBC}") = "nchenLogger", "nchenLogger\nchenLogger.csproj", "{172CC12A-CF7D-40A2-B678-D877D368FAE7}"
EndProject
Project("{FAE04EC0-301F-11D3-BF4B-00C04F79EFBC}") = "nchenJson", "nchenJson\nchenJson.csproj", "{148AC1D8-8B6D-4F15-8446-78E35A1C980E}"
EndProject
Project("{FAE04EC0-301F-11D3-BF4B-00C04F79EFBC}") = "nchenTelegram", "nchenTelegram\nchenTelegram.csproj", "{AA901314-0FFB-4543-8EDD-94993D4DA41D}"
EndProject
Project("{FAE04EC0-301F-11D3-BF4B-00C04F79EFBC}") = "TestConsole", "TestConsole\TestConsole.csproj", "{0689D244-5D0E-43FD-B7CC-63F5A44F9057}"
EndProject
Project("{FAE04EC0-301F-11D3-BF4B-00C04F79EFBC}") = "nchenAdaptiveCards", "nchenAdaptiveCards\nchenAdaptiveCards.csproj", "{C1742337-05FB-4A1F-A06B-BA8CFC6CAAB9}"
EndProject
Project("{FAE04EC0-301F-11D3-BF4B-00C04F79EFBC}") = "nchenMail", "nchenMail\nchenMail.csproj", "{379399FA-653F-4312-A294-317DA069B0ED}"
EndProject
Project("{FAE04EC0-301F-11D3-BF4B-00C04F79EFBC}") = "nchenTasks", "nchenTasks\nchenTasks.csproj", "{6C129FFC-F5D9-40F7-91C7-DDC43D408A0A}"
EndProject
Global
	GlobalSection(SolutionConfigurationPlatforms) = preSolution
		Debug|Any CPU = Debug|Any CPU
		Release|Any CPU = Release|Any CPU
	EndGlobalSection
	GlobalSection(ProjectConfigurationPlatforms) = postSolution
		{403DB690-4B58-4D60-8113-0726B8218BD4}.Debug|Any CPU.ActiveCfg = Debug|Any CPU
		{403DB690-4B58-4D60-8113-0726B8218BD4}.Debug|Any CPU.Build.0 = Debug|Any CPU
		{403DB690-4B58-4D60-8113-0726B8218BD4}.Release|Any CPU.ActiveCfg = Release|Any CPU
		{403DB690-4B58-4D60-8113-0726B8218BD4}.Release|Any CPU.Build.0 = Release|Any CPU
		{331AA6B0-18B9-47E5-9E76-0AA920342FB5}.Debug|Any CPU.ActiveCfg = Debug|Any CPU
		{331AA6B0-18B9-47E5-9E76-0AA920342FB5}.Debug|Any CPU.Build.0 = Debug|Any CPU
		{331AA6B0-18B9-47E5-9E76-0AA920342FB5}.Release|Any CPU.ActiveCfg = Release|Any CPU
		{331AA6B0-18B9-47E5-9E76-0AA920342FB5}.Release|Any CPU.Build.0 = Release|Any CPU
		{E940D045-20E0-477D-A46C-09C11632EF3E}.Debug|Any CPU.ActiveCfg = Debug|Any CPU
		{E940D045-20E0-477D-A46C-09C11632EF3E}.Debug|Any CPU.Build.0 = Debug|Any CPU
		{E940D045-20E0-477D-A46C-09C11632EF3E}.Release|Any CPU.ActiveCfg = Release|Any CPU
		{E940D045-20E0-477D-A46C-09C11632EF3E}.Release|Any CPU.Build.0 = Release|Any CPU
		{B927B453-CC9F-4F21-B8F1-BE3DB10250FC}.Debug|Any CPU.ActiveCfg = Debug|Any CPU
		{B927B453-CC9F-4F21-B8F1-BE3DB10250FC}.Debug|Any CPU.Build.0 = Debug|Any CPU
		{B927B453-CC9F-4F21-B8F1-BE3DB10250FC}.Release|Any CPU.ActiveCfg = Release|Any CPU
		{B927B453-CC9F-4F21-B8F1-BE3DB10250FC}.Release|Any CPU.Build.0 = Release|Any CPU
		{172CC12A-CF7D-40A2-B678-D877D368FAE7}.Debug|Any CPU.ActiveCfg = Debug|Any CPU
		{172CC12A-CF7D-40A2-B678-D877D368FAE7}.Debug|Any CPU.Build.0 = Debug|Any CPU
		{172CC12A-CF7D-40A2-B678-D877D368FAE7}.Release|Any CPU.ActiveCfg = Release|Any CPU
		{172CC12A-CF7D-40A2-B678-D877D368FAE7}.Release|Any CPU.Build.0 = Release|Any CPU
		{148AC1D8-8B6D-4F15-8446-78E35A1C980E}.Debug|Any CPU.ActiveCfg = Debug|Any CPU
		{148AC1D8-8B6D-4F15-8446-78E35A1C980E}.Debug|Any CPU.Build.0 = Debug|Any CPU
		{148AC1D8-8B6D-4F15-8446-78E35A1C980E}.Release|Any CPU.ActiveCfg = Release|Any CPU
		{148AC1D8-8B6D-4F15-8446-78E35A1C980E}.Release|Any CPU.Build.0 = Release|Any CPU
		{AA901314-0FFB-4543-8EDD-94993D4DA41D}.Debug|Any CPU.ActiveCfg = Debug|Any CPU
		{AA901314-0FFB-4543-8EDD-94993D4DA41D}.Debug|Any CPU.Build.0 = Debug|Any CPU
		{AA901314-0FFB-4543-8EDD-94993D4DA41D}.Release|Any CPU.ActiveCfg = Release|Any CPU
		{AA901314-0FFB-4543-8EDD-94993D4DA41D}.Release|Any CPU.Build.0 = Release|Any CPU
		{0689D244-5D0E-43FD-B7CC-63F5A44F9057}.Debug|Any CPU.ActiveCfg = Debug|Any CPU
		{0689D244-5D0E-43FD-B7CC-63F5A44F9057}.Debug|Any CPU.Build.0 = Debug|Any CPU
		{0689D244-5D0E-43FD-B7CC-63F5A44F9057}.Release|Any CPU.ActiveCfg = Release|Any CPU
		{0689D244-5D0E-43FD-B7CC-63F5A44F9057}.Release|Any CPU.Build.0 = Release|Any CPU
		{C1742337-05FB-4A1F-A06B-BA8CFC6CAAB9}.Debug|Any CPU.ActiveCfg = Debug|Any CPU
		{C1742337-05FB-4A1F-A06B-BA8CFC6CAAB9}.Debug|Any CPU.Build.0 = Debug|Any CPU
		{C1742337-05FB-4A1F-A06B-BA8CFC6CAAB9}.Release|Any CPU.ActiveCfg = Release|Any CPU
		{C1742337-05FB-4A1F-A06B-BA8CFC6CAAB9}.Release|Any CPU.Build.0 = Release|Any CPU
		{379399FA-653F-4312-A294-317DA069B0ED}.Debug|Any CPU.ActiveCfg = Debug|Any CPU
		{379399FA-653F-4312-A294-317DA069B0ED}.Debug|Any CPU.Build.0 = Debug|Any CPU
		{379399FA-653F-4312-A294-317DA069B0ED}.Release|Any CPU.ActiveCfg = Release|Any CPU
		{379399FA-653F-4312-A294-317DA069B0ED}.Release|Any CPU.Build.0 = Release|Any CPU
		{6C129FFC-F5D9-40F7-91C7-DDC43D408A0A}.Debug|Any CPU.ActiveCfg = Debug|Any CPU
		{6C129FFC-F5D9-40F7-91C7-DDC43D408A0A}.Debug|Any CPU.Build.0 = Debug|Any CPU
		{6C129FFC-F5D9-40F7-91C7-DDC43D408A0A}.Release|Any CPU.ActiveCfg = Release|Any CPU
		{6C129FFC-F5D9-40F7-91C7-DDC43D408A0A}.Release|Any CPU.Build.0 = Release|Any CPU
	EndGlobalSection
	GlobalSection(SolutionProperties) = preSolution
		HideSolutionNode = FALSE
	EndGlobalSection
	GlobalSection(ExtensibilityGlobals) = postSolution
		SolutionGuid = {A0A5922B-8634-42CD-B1D0-3D9E761C81AD}
	EndGlobalSection
EndGlobal
